// !$*UTF8*$!
{
	archiveVersion = 1;
	classes = {
	};
	objectVersion = 46;
	objects = {

/* Begin PBXBuildFile section */
		B692F11D1C3E3A8100A6079B /* main.m in Sources */ = {isa = PBXBuildFile; fileRef = B692F11C1C3E3A8100A6079B /* main.m */; };
		B692F1201C3E3A8100A6079B /* AppDelegate.m in Sources */ = {isa = PBXBuildFile; fileRef = B692F11F1C3E3A8100A6079B /* AppDelegate.m */; };
		B692F1231C3E3A8100A6079B /* ViewController.m in Sources */ = {isa = PBXBuildFile; fileRef = B692F1221C3E3A8100A6079B /* ViewController.m */; };
		B692F1261C3E3A8100A6079B /* Main.storyboard in Resources */ = {isa = PBXBuildFile; fileRef = B692F1241C3E3A8100A6079B /* Main.storyboard */; };
		B692F1281C3E3A8100A6079B /* Assets.xcassets in Resources */ = {isa = PBXBuildFile; fileRef = B692F1271C3E3A8100A6079B /* Assets.xcassets */; };
		B692F12B1C3E3A8100A6079B /* LaunchScreen.storyboard in Resources */ = {isa = PBXBuildFile; fileRef = B692F1291C3E3A8100A6079B /* LaunchScreen.storyboard */; };
		B692F1341C3E3FB600A6079B /* SlideDrawerView.m in Sources */ = {isa = PBXBuildFile; fileRef = B692F1331C3E3FB600A6079B /* SlideDrawerView.m */; };
		B692F1361C3E3FD700A6079B /* SlideDrawerView.xib in Resources */ = {isa = PBXBuildFile; fileRef = B692F1351C3E3FD700A6079B /* SlideDrawerView.xib */; };
		B692F1391C3E408500A6079B /* UIView+LoadNib.m in Sources */ = {isa = PBXBuildFile; fileRef = B692F1381C3E408500A6079B /* UIView+LoadNib.m */; };
		B692F13C1C3E414000A6079B /* SUtility.m in Sources */ = {isa = PBXBuildFile; fileRef = B692F13B1C3E414000A6079B /* SUtility.m */; };
		B692F13F1C3E6AFF00A6079B /* TouchWebView.m in Sources */ = {isa = PBXBuildFile; fileRef = B692F13E1C3E6AFF00A6079B /* TouchWebView.m */; };
/* End PBXBuildFile section */

/* Begin PBXFileReference section */
		B692F1181C3E3A8100A6079B /* SlideDrawerView.app */ = {isa = PBXFileReference; explicitFileType = wrapper.application; includeInIndex = 0; path = SlideDrawerView.app; sourceTree = BUILT_PRODUCTS_DIR; };
		B692F11C1C3E3A8100A6079B /* main.m */ = {isa = PBXFileReference; lastKnownFileType = sourcecode.c.objc; path = main.m; sourceTree = "<group>"; };
		B692F11E1C3E3A8100A6079B /* AppDelegate.h */ = {isa = PBXFileReference; lastKnownFileType = sourcecode.c.h; path = AppDelegate.h; sourceTree = "<group>"; };
		B692F11F1C3E3A8100A6079B /* AppDelegate.m */ = {isa = PBXFileReference; lastKnownFileType = sourcecode.c.objc; path = AppDelegate.m; sourceTree = "<group>"; };
		B692F1211C3E3A8100A6079B /* ViewController.h */ = {isa = PBXFileReference; lastKnownFileType = sourcecode.c.h; path = ViewController.h; sourceTree = "<group>"; };
		B692F1221C3E3A8100A6079B /* ViewController.m */ = {isa = PBXFileReference; lastKnownFileType = sourcecode.c.objc; path = ViewController.m; sourceTree = "<group>"; };
		B692F1251C3E3A8100A6079B /* Base */ = {isa = PBXFileReference; lastKnownFileType = file.storyboard; name = Base; path = Base.lproj/Main.storyboard; sourceTree = "<group>"; };
		B692F1271C3E3A8100A6079B /* Assets.xcassets */ = {isa = PBXFileReference; lastKnownFileType = folder.assetcatalog; path = Assets.xcassets; sourceTree = "<group>"; };
		B692F12A1C3E3A8100A6079B /* Base */ = {isa = PBXFileReference; lastKnownFileType = file.storyboard; name = Base; path = Base.lproj/LaunchScreen.storyboard; sourceTree = "<group>"; };
		B692F12C1C3E3A8100A6079B /* Info.plist */ = {isa = PBXFileReference; lastKnownFileType = text.plist.xml; path = Info.plist; sourceTree = "<group>"; };
		B692F1321C3E3FB600A6079B /* SlideDrawerView.h */ = {isa = PBXFileReference; fileEncoding = 4; lastKnownFileType = sourcecode.c.h; path = SlideDrawerView.h; sourceTree = SOURCE_ROOT; };
		B692F1331C3E3FB600A6079B /* SlideDrawerView.m */ = {isa = PBXFileReference; fileEncoding = 4; lastKnownFileType = sourcecode.c.objc; path = SlideDrawerView.m; sourceTree = SOURCE_ROOT; };
		B692F1351C3E3FD700A6079B /* SlideDrawerView.xib */ = {isa = PBXFileReference; fileEncoding = 4; lastKnownFileType = file.xib; path = SlideDrawerView.xib; sourceTree = "<group>"; };
		B692F1371C3E408500A6079B /* UIView+LoadNib.h */ = {isa = PBXFileReference; fileEncoding = 4; lastKnownFileType = sourcecode.c.h; path = "UIView+LoadNib.h"; sourceTree = "<group>"; };
		B692F1381C3E408500A6079B /* UIView+LoadNib.m */ = {isa = PBXFileReference; fileEncoding = 4; lastKnownFileType = sourcecode.c.objc; path = "UIView+LoadNib.m"; sourceTree = "<group>"; };
		B692F13A1C3E414000A6079B /* SUtility.h */ = {isa = PBXFileReference; fileEncoding = 4; lastKnownFileType = sourcecode.c.h; path = SUtility.h; sourceTree = "<group>"; };
		B692F13B1C3E414000A6079B /* SUtility.m */ = {isa = PBXFileReference; fileEncoding = 4; lastKnownFileType = sourcecode.c.objc; path = SUtility.m; sourceTree = "<group>"; };
		B692F13D1C3E6AFF00A6079B /* TouchWebView.h */ = {isa = PBXFileReference; fileEncoding = 4; lastKnownFileType = sourcecode.c.h; path = TouchWebView.h; sourceTree = "<group>"; };
		B692F13E1C3E6AFF00A6079B /* TouchWebView.m */ = {isa = PBXFileReference; fileEncoding = 4; lastKnownFileType = sourcecode.c.objc; path = TouchWebView.m; sourceTree = "<group>"; };
/* End PBXFileReference section */

/* Begin PBXFrameworksBuildPhase section */
		B692F1151C3E3A8100A6079B /* Frameworks */ = {
			isa = PBXFrameworksBuildPhase;
			buildActionMask = 2147483647;
			files = (
			);
			runOnlyForDeploymentPostprocessing = 0;
		};
/* End PBXFrameworksBuildPhase section */

/* Begin PBXGroup section */
		B692F10F1C3E3A8100A6079B = {
			isa = PBXGroup;
			children = (
				B692F11A1C3E3A8100A6079B /* SlideDrawerView */,
				B692F1191C3E3A8100A6079B /* Products */,
			);
			sourceTree = "<group>";
		};
		B692F1191C3E3A8100A6079B /* Products */ = {
			isa = PBXGroup;
			children = (
				B692F1181C3E3A8100A6079B /* SlideDrawerView.app */,
			);
			name = Products;
			sourceTree = "<group>";
		};
		B692F11A1C3E3A8100A6079B /* SlideDrawerView */ = {
			isa = PBXGroup;
			children = (
				B692F11E1C3E3A8100A6079B /* AppDelegate.h */,
				B692F11F1C3E3A8100A6079B /* AppDelegate.m */,
				B692F1211C3E3A8100A6079B /* ViewController.h */,
				B692F1221C3E3A8100A6079B /* ViewController.m */,
				B692F1321C3E3FB600A6079B /* SlideDrawerView.h */,
				B692F1331C3E3FB600A6079B /* SlideDrawerView.m */,
				B692F1351C3E3FD700A6079B /* SlideDrawerView.xib */,
				B692F13D1C3E6AFF00A6079B /* TouchWebView.h */,
				B692F13E1C3E6AFF00A6079B /* TouchWebView.m */,
				B692F1371C3E408500A6079B /* UIView+LoadNib.h */,
				B692F1381C3E408500A6079B /* UIView+LoadNib.m */,
				B692F13A1C3E414000A6079B /* SUtility.h */,
				B692F13B1C3E414000A6079B /* SUtility.m */,
				B692F1241C3E3A8100A6079B /* Main.storyboard */,
				B692F1271C3E3A8100A6079B /* Assets.xcassets */,
				B692F1291C3E3A8100A6079B /* LaunchScreen.storyboard */,
				B692F12C1C3E3A8100A6079B /* Info.plist */,
				B692F11B1C3E3A8100A6079B /* Supporting Files */,
			);
			path = SlideDrawerView;
			sourceTree = "<group>";
		};
		B692F11B1C3E3A8100A6079B /* Supporting Files */ = {
			isa = PBXGroup;
			children = (
				B692F11C1C3E3A8100A6079B /* main.m */,
			);
			name = "Supporting Files";
			sourceTree = "<group>";
		};
/* End PBXGroup section */

/* Begin PBXNativeTarget section */
		B692F1171C3E3A8100A6079B /* SlideDrawerView */ = {
			isa = PBXNativeTarget;
			buildConfigurationList = B692F12F1C3E3A8100A6079B /* Build configuration list for PBXNativeTarget "SlideDrawerView" */;
			buildPhases = (
				B692F1141C3E3A8100A6079B /* Sources */,
				B692F1151C3E3A8100A6079B /* Frameworks */,
				B692F1161C3E3A8100A6079B /* Resources */,
			);
			buildRules = (
			);
			dependencies = (
			);
			name = SlideDrawerView;
			productName = SlideDrawerView;
			productReference = B692F1181C3E3A8100A6079B /* SlideDrawerView.app */;
			productType = "com.apple.product-type.application";
		};
/* End PBXNativeTarget section */

/* Begin PBXProject section */
		B692F1101C3E3A8100A6079B /* Project object */ = {
			isa = PBXProject;
			attributes = {
				LastUpgradeCheck = 0720;
				ORGANIZATIONNAME = Richard;
				TargetAttributes = {
					B692F1171C3E3A8100A6079B = {
						CreatedOnToolsVersion = 7.2;
					};
				};
			};
			buildConfigurationList = B692F1131C3E3A8100A6079B /* Build configuration list for PBXProject "SlideDrawerView" */;
			compatibilityVersion = "Xcode 3.2";
			developmentRegion = English;
			hasScannedForEncodings = 0;
			knownRegions = (
				en,
				Base,
			);
			mainGroup = B692F10F1C3E3A8100A6079B;
			productRefGroup = B692F1191C3E3A8100A6079B /* Products */;
			projectDirPath = "";
			projectRoot = "";
			targets = (
				B692F1171C3E3A8100A6079B /* SlideDrawerView */,
			);
		};
/* End PBXProject section */

/* Begin PBXResourcesBuildPhase section */
		B692F1161C3E3A8100A6079B /* Resources */ = {
			isa = PBXResourcesBuildPhase;
			buildActionMask = 2147483647;
			files = (
				B692F12B1C3E3A8100A6079B /* LaunchScreen.storyboard in Resources */,
				B692F1361C3E3FD700A6079B /* SlideDrawerView.xib in Resources */,
				B692F1281C3E3A8100A6079B /* Assets.xcassets in Resources */,
				B692F1261C3E3A8100A6079B /* Main.storyboard in Resources */,
			);
			runOnlyForDeploymentPostprocessing = 0;
		};
/* End PBXResourcesBuildPhase section */

/* Begin PBXSourcesBuildPhase section */
		B692F1141C3E3A8100A6079B /* Sources */ = {
			isa = PBXSourcesBuildPhase;
			buildActionMask = 2147483647;
			files = (
				B692F13C1C3E414000A6079B /* SUtility.m in Sources */,
				B692F1231C3E3A8100A6079B /* ViewController.m in Sources */,
				B692F1341C3E3FB600A6079B /* SlideDrawerView.m in Sources */,
				B692F1201C3E3A8100A6079B /* AppDelegate.m in Sources */,
				B692F13F1C3E6AFF00A6079B /* TouchWebView.m in Sources */,
				B692F1391C3E408500A6079B /* UIView+LoadNib.m in Sources */,
				B692F11D1C3E3A8100A6079B /* main.m in Sources */,
			);
			runOnlyForDeploymentPostprocessing = 0;
		};
/* End PBXSourcesBuildPhase section */

/* Begin PBXVariantGroup section */
		B692F1241C3E3A8100A6079B /* Main.storyboard */ = {
			isa = PBXVariantGroup;
			children = (
				B692F1251C3E3A8100A6079B /* Base */,
			);
			name = Main.storyboard;
			sourceTree = "<group>";
		};
		B692F1291C3E3A8100A6079B /* LaunchScreen.storyboard */ = {
			isa = PBXVariantGroup;
			children = (
				B692F12A1C3E3A8100A6079B /* Base */,
			);
			name = LaunchScreen.storyboard;
			sourceTree = "<group>";
		};
/* End PBXVariantGroup section */

/* Begin XCBuildConfiguration section */
		B692F12D1C3E3A8100A6079B /* Debug */ = {
			isa = XCBuildConfiguration;
			buildSettings = {
				ALWAYS_SEARCH_USER_PATHS = NO;
				CLANG_CXX_LANGUAGE_STANDARD = "gnu++0x";
				CLANG_CXX_LIBRARY = "libc++";
				CLANG_ENABLE_MODULES = YES;
				CLANG_ENABLE_OBJC_ARC = YES;
				CLANG_WARN_BOOL_CONVERSION = YES;
				CLANG_WARN_CONSTANT_CONVERSION = YES;
				CLANG_WARN_DIRECT_OBJC_ISA_USAGE = YES_ERROR;
				CLANG_WARN_EMPTY_BODY = YES;
				CLANG_WARN_ENUM_CONVERSION = YES;
				CLANG_WARN_INT_CONVERSION = YES;
				CLANG_WARN_OBJC_ROOT_CLASS = YES_ERROR;
				CLANG_WARN_UNREACHABLE_CODE = YES;
				CLANG_WARN__DUPLICATE_METHOD_MATCH = YES;
				"CODE_SIGN_IDENTITY[sdk=iphoneos*]" = "iPhone Developer";
				COPY_PHASE_STRIP = NO;
				DEBUG_INFORMATION_FORMAT = dwarf;
				ENABLE_STRICT_OBJC_MSGSEND = YES;
				ENABLE_TESTABILITY = YES;
				GCC_C_LANGUAGE_STANDARD = gnu99;
				GCC_DYNAMIC_NO_PIC = NO;
				GCC_NO_COMMON_BLOCKS = YES;
				GCC_OPTIMIZATION_LEVEL = 0;
				GCC_PREPROCESSOR_DEFINITIONS = (
					"DEBUG=1",
					"$(inherited)",
				);
				GCC_WARN_64_TO_32_BIT_CONVERSION = YES;
				GCC_WARN_ABOUT_RETURN_TYPE = YES_ERROR;
				GCC_WARN_UNDECLARED_SELECTOR = YES;
				GCC_WARN_UNINITIALIZED_AUTOS = YES_AGGRESSIVE;
				GCC_WARN_UNUSED_FUNCTION = YES;
				GCC_WARN_UNUSED_VARIABLE = YES;
				IPHONEOS_DEPLOYMENT_TARGET = 9.2;
				MTL_ENABLE_DEBUG_INFO = YES;
				ONLY_ACTIVE_ARCH = YES;
				SDKROOT = iphoneos;
				TARGETED_DEVICE_FAMILY = "1,2";
			};
			name = Debug;
		};
		B692F12E1C3E3A8100A6079B /* Release */ = {
			isa = XCBuildConfiguration;
			buildSettings = {
				ALWAYS_SEARCH_USER_PATHS = NO;
				CLANG_CXX_LANGUAGE_STANDARD = "gnu++0x";
				CLANG_CXX_LIBRARY = "libc++";
				CLANG_ENABLE_MODULES = YES;
				CLANG_ENABLE_OBJC_ARC = YES;
				CLANG_WARN_BOOL_CONVERSION = YES;
				CLANG_WARN_CONSTANT_CONVERSION = YES;
				CLANG_WARN_DIRECT_OBJC_ISA_USAGE = YES_ERROR;
				CLANG_WARN_EMPTY_BODY = YES;
				CLANG_WARN_ENUM_CONVERSION = YES;
				CLANG_WARN_INT_CONVERSION = YES;
				CLANG_WARN_OBJC_ROOT_CLASS = YES_ERROR;
				CLANG_WARN_UNREACHABLE_CODE = YES;
				CLANG_WARN__DUPLICATE_METHOD_MATCH = YES;
				"CODE_SIGN_IDENTITY[sdk=iphoneos*]" = "iPhone Developer";
				COPY_PHASE_STRIP = NO;
				DEBUG_INFORMATION_FORMAT = "dwarf-with-dsym";
				ENABLE_NS_ASSERTIONS = NO;
				ENABLE_STRICT_OBJC_MSGSEND = YES;
				GCC_C_LANGUAGE_STANDARD = gnu99;
				GCC_NO_COMMON_BLOCKS = YES;
				GCC_WARN_64_TO_32_BIT_CONVERSION = YES;
				GCC_WARN_ABOUT_RETURN_TYPE = YES_ERROR;
				GCC_WARN_UNDECLARED_SELECTOR = YES;
				GCC_WARN_UNINITIALIZED_AUTOS = YES_AGGRESSIVE;
				GCC_WARN_UNUSED_FUNCTION = YES;
				GCC_WARN_UNUSED_VARIABLE = YES;
				IPHONEOS_DEPLOYMENT_TARGET = 9.2;
				MTL_ENABLE_DEBUG_INFO = NO;
				SDKROOT = iphoneos;
				TARGETED_DEVICE_FAMILY = "1,2";
				VALIDATE_PRODUCT = YES;
			};
			name = Release;
		};
		B692F1301C3E3A8100A6079B /* Debug */ = {
			isa = XCBuildConfiguration;
			buildSettings = {
				ASSETCATALOG_COMPILER_APPICON_NAME = AppIcon;
				INFOPLIST_FILE = SlideDrawerView/Info.plist;
				LD_RUNPATH_SEARCH_PATHS = "$(inherited) @executable_path/Frameworks";
				PRODUCT_BUNDLE_IDENTIFIER = com.Learn.SlideDrawerView;
				PRODUCT_NAME = "$(TARGET_NAME)";
			};
			name = Debug;
		};
		B692F1311C3E3A8100A6079B /* Release */ = {
			isa = XCBuildConfiguration;
			buildSettings = {
				ASSETCATALOG_COMPILER_APPICON_NAME = AppIcon;
				INFOPLIST_FILE = SlideDrawerView/Info.plist;
				LD_RUNPATH_SEARCH_PATHS = "$(inherited) @executable_path/Frameworks";
				PRODUCT_BUNDLE_IDENTIFIER = com.Learn.SlideDrawerView;
				PRODUCT_NAME = "$(TARGET_NAME)";
			};
			name = Release;
		};
/* End XCBuildConfiguration section */

/* Begin XCConfigurationList section */
		B692F1131C3E3A8100A6079B /* Build configuration list for PBXProject "SlideDrawerView" */ = {
			isa = XCConfigurationList;
			buildConfigurations = (
				B692F12D1C3E3A8100A6079B /* Debug */,
				B692F12E1C3E3A8100A6079B /* Release */,
			);
			defaultConfigurationIsVisible = 0;
			defaultConfigurationName = Release;
		};
		B692F12F1C3E3A8100A6079B /* Build configuration list for PBXNativeTarget "SlideDrawerView" */ = {
			isa = XCConfigurationList;
			buildConfigurations = (
				B692F1301C3E3A8100A6079B /* Debug */,
				B692F1311C3E3A8100A6079B /* Release */,
			);
			defaultConfigurationIsVisible = 0;
			defaultConfigurationName = Release;
		};
/* End XCConfigurationList section */
	};
	rootObject = B692F1101C3E3A8100A6079B /* Project object */;
}
